
Microsoft Visual Studio Solution File, Format Version 12.00
# Visual Studio 2013
VisualStudioVersion = 12.0.21005.1
MinimumVisualStudioVersion = 10.0.40219.1
Project("{FAE04EC0-301F-11D3-BF4B-00C04F79EFBC}") = "Fretala", "Fretala\Fretala.csproj", "{1668ACDF-EDA9-47CE-BB77-E4E3543B92CF}"
EndProject
Project("{F184B08F-C81C-45F6-A57F-5ABD9991F28F}") = "ExampleApp", "ExampleApp\ExampleApp.vbproj", "{B8C34165-343E-4C25-9B6F-FDFD8E12201B}"
EndProject
Project("{2150E333-8FDC-42A3-9474-1A3956D46DE8}") = ".nuget", ".nuget", "{83BCF720-F1A4-46BB-95C7-4C657CAE3E07}"
	ProjectSection(SolutionItems) = preProject
		.nuget\NuGet.Config = .nuget\NuGet.Config
		.nuget\NuGet.exe = .nuget\NuGet.exe
		.nuget\NuGet.targets = .nuget\NuGet.targets
	EndProjectSection
EndProject
Global
	GlobalSection(SolutionConfigurationPlatforms) = preSolution
		Debug|Any CPU = Debug|Any CPU
		Release|Any CPU = Release|Any CPU
	EndGlobalSection
	GlobalSection(ProjectConfigurationPlatforms) = postSolution
		{1668ACDF-EDA9-47CE-BB77-E4E3543B92CF}.Debug|Any CPU.ActiveCfg = Debug|Any CPU
		{1668ACDF-EDA9-47CE-BB77-E4E3543B92CF}.Debug|Any CPU.Build.0 = Debug|Any CPU
		{1668ACDF-EDA9-47CE-BB77-E4E3543B92CF}.Release|Any CPU.ActiveCfg = Release|Any CPU
		{1668ACDF-EDA9-47CE-BB77-E4E3543B92CF}.Release|Any CPU.Build.0 = Release|Any CPU
		{B8C34165-343E-4C25-9B6F-FDFD8E12201B}.Debug|Any CPU.ActiveCfg = Debug|Any CPU
		{B8C34165-343E-4C25-9B6F-FDFD8E12201B}.Debug|Any CPU.Build.0 = Debug|Any CPU
		{B8C34165-343E-4C25-9B6F-FDFD8E12201B}.Release|Any CPU.ActiveCfg = Release|Any CPU
		{B8C34165-343E-4C25-9B6F-FDFD8E12201B}.Release|Any CPU.Build.0 = Release|Any CPU
	EndGlobalSection
	GlobalSection(SolutionProperties) = preSolution
		HideSolutionNode = FALSE
	EndGlobalSection
EndGlobal
